
Microsoft Visual Studio Solution File, Format Version 12.00
# Visual Studio Version 16
VisualStudioVersion = 16.0.31729.503
MinimumVisualStudioVersion = 10.0.40219.1
Project("{FAE04EC0-301F-11D3-BF4B-00C04F79EFBC}") = "Dom.Net.Tests.Unit", "Dom.Net.Tests.Unit\Dom.Net.Tests.Unit.csproj", "{4EE854AA-B09A-42A3-96B2-A64EEB965DF9}"
EndProject
Project("{FAE04EC0-301F-11D3-BF4B-00C04F79EFBC}") = "Dom.Net", "Dom.Net\Dom.Net.csproj", "{94B68A81-3395-4826-88E6-F9A1511F7342}"
EndProject
Global
	GlobalSection(SolutionConfigurationPlatforms) = preSolution
		Debug|Any CPU = Debug|Any CPU
		Release|Any CPU = Release|Any CPU
	EndGlobalSection
	GlobalSection(ProjectConfigurationPlatforms) = postSolution
		{4EE854AA-B09A-42A3-96B2-A64EEB965DF9}.Debug|Any CPU.ActiveCfg = Debug|Any CPU
		{4EE854AA-B09A-42A3-96B2-A64EEB965DF9}.Debug|Any CPU.Build.0 = Debug|Any CPU
		{4EE854AA-B09A-42A3-96B2-A64EEB965DF9}.Release|Any CPU.ActiveCfg = Release|Any CPU
		{4EE854AA-B09A-42A3-96B2-A64EEB965DF9}.Release|Any CPU.Build.0 = Release|Any CPU
		{94B68A81-3395-4826-88E6-F9A1511F7342}.Debug|Any CPU.ActiveCfg = Debug|Any CPU
		{94B68A81-3395-4826-88E6-F9A1511F7342}.Debug|Any CPU.Build.0 = Debug|Any CPU
		{94B68A81-3395-4826-88E6-F9A1511F7342}.Release|Any CPU.ActiveCfg = Release|Any CPU
		{94B68A81-3395-4826-88E6-F9A1511F7342}.Release|Any CPU.Build.0 = Release|Any CPU
	EndGlobalSection
	GlobalSection(SolutionProperties) = preSolution
		HideSolutionNode = FALSE
	EndGlobalSection
	GlobalSection(ExtensibilityGlobals) = postSolution
		SolutionGuid = {83DEDA02-FB59-4DED-8A88-0E9A7BE1C5F7}
	EndGlobalSection
EndGlobal
